
Microsoft Visual Studio Solution File, Format Version 12.00
# Visual Studio Version 17
VisualStudioVersion = 17.11.35327.3
MinimumVisualStudioVersion = 10.0.40219.1
Project("{FAE04EC0-301F-11D3-BF4B-00C04F79EFBC}") = "15Puzzle", "15Puzzle\15Puzzle.csproj", "{493C5D7C-4C60-45AB-A2F8-9B8AA89F2E50}"
EndProject
Global
	GlobalSection(SolutionConfigurationPlatforms) = preSolution
		Debug|Any CPU = Debug|Any CPU
		Release|Any CPU = Release|Any CPU
	EndGlobalSection
	GlobalSection(ProjectConfigurationPlatforms) = postSolution
		{493C5D7C-4C60-45AB-A2F8-9B8AA89F2E50}.Debug|Any CPU.ActiveCfg = Debug|Any CPU
		{493C5D7C-4C60-45AB-A2F8-9B8AA89F2E50}.Debug|Any CPU.Build.0 = Debug|Any CPU
		{493C5D7C-4C60-45AB-A2F8-9B8AA89F2E50}.Release|Any CPU.ActiveCfg = Release|Any CPU
		{493C5D7C-4C60-45AB-A2F8-9B8AA89F2E50}.Release|Any CPU.Build.0 = Release|Any CPU
	EndGlobalSection
	GlobalSection(SolutionProperties) = preSolution
		HideSolutionNode = FALSE
	EndGlobalSection
	GlobalSection(ExtensibilityGlobals) = postSolution
		SolutionGuid = {50A474C2-6940-4321-8D80-E593AA00E087}
	EndGlobalSection
EndGlobal
